
Microsoft Visual Studio Solution File, Format Version 12.00
# Visual Studio Version 16
VisualStudioVersion = 16.0.30503.244
MinimumVisualStudioVersion = 10.0.40219.1
Project("{2150E333-8FDC-42A3-9474-1A3956D46DE8}") = "src", "src", "{B558B775-4FA6-4D3C-9246-EB08302042E6}"
EndProject
Project("{9A19103F-16F7-4668-BE54-9A1E7A4F7556}") = "GameStore.API", "src\services\GameStore.API\GameStore.API.csproj", "{03866861-11C3-419F-B398-715590742002}"
EndProject
Project("{2150E333-8FDC-42A3-9474-1A3956D46DE8}") = "Services", "Services", "{2C61E0A4-4CC4-4FFA-854F-F4F4036C3BEF}"
EndProject
Project("{2150E333-8FDC-42A3-9474-1A3956D46DE8}") = "Presentation", "Presentation", "{36F5ADF3-D1FD-4A07-864C-A191B6BA6D49}"
EndProject
Project("{2150E333-8FDC-42A3-9474-1A3956D46DE8}") = "Infra", "Infra", "{B1F74820-E8B5-4295-AE0E-CBD06C38835B}"
EndProject
Project("{2150E333-8FDC-42A3-9474-1A3956D46DE8}") = "Domain", "Domain", "{964E53EF-C71E-4E94-AE4F-8EFFE65523CE}"
EndProject
Project("{9A19103F-16F7-4668-BE54-9A1E7A4F7556}") = "GameStore.Domain", "src\Domain\GameStore.Domain\GameStore.Domain.csproj", "{CB41007F-C137-42EA-AE9F-205E835D0723}"
EndProject
Project("{9A19103F-16F7-4668-BE54-9A1E7A4F7556}") = "GameStore.WebApp.MVC", "src\Presentation\GameStore.WebApp.MVC\GameStore.WebApp.MVC.csproj", "{048A6C94-F858-4599-812C-38DFECE5F987}"
EndProject
Project("{9A19103F-16F7-4668-BE54-9A1E7A4F7556}") = "GameStore.Data", "src\Infra\GameStore.Data\GameStore.Data.csproj", "{F141FF51-0584-407D-BCA1-56D00196524F}"
EndProject
Project("{2150E333-8FDC-42A3-9474-1A3956D46DE8}") = "test", "test", "{380925C1-739A-4A77-85FA-D55FA37FA860}"
EndProject
Global
	GlobalSection(SolutionConfigurationPlatforms) = preSolution
		Debug|Any CPU = Debug|Any CPU
		Release|Any CPU = Release|Any CPU
	EndGlobalSection
	GlobalSection(ProjectConfigurationPlatforms) = postSolution
		{03866861-11C3-419F-B398-715590742002}.Debug|Any CPU.ActiveCfg = Debug|Any CPU
		{03866861-11C3-419F-B398-715590742002}.Debug|Any CPU.Build.0 = Debug|Any CPU
		{03866861-11C3-419F-B398-715590742002}.Release|Any CPU.ActiveCfg = Release|Any CPU
		{03866861-11C3-419F-B398-715590742002}.Release|Any CPU.Build.0 = Release|Any CPU
		{CB41007F-C137-42EA-AE9F-205E835D0723}.Debug|Any CPU.ActiveCfg = Debug|Any CPU
		{CB41007F-C137-42EA-AE9F-205E835D0723}.Debug|Any CPU.Build.0 = Debug|Any CPU
		{CB41007F-C137-42EA-AE9F-205E835D0723}.Release|Any CPU.ActiveCfg = Release|Any CPU
		{CB41007F-C137-42EA-AE9F-205E835D0723}.Release|Any CPU.Build.0 = Release|Any CPU
		{048A6C94-F858-4599-812C-38DFECE5F987}.Debug|Any CPU.ActiveCfg = Debug|Any CPU
		{048A6C94-F858-4599-812C-38DFECE5F987}.Debug|Any CPU.Build.0 = Debug|Any CPU
		{048A6C94-F858-4599-812C-38DFECE5F987}.Release|Any CPU.ActiveCfg = Release|Any CPU
		{048A6C94-F858-4599-812C-38DFECE5F987}.Release|Any CPU.Build.0 = Release|Any CPU
		{F141FF51-0584-407D-BCA1-56D00196524F}.Debug|Any CPU.ActiveCfg = Debug|Any CPU
		{F141FF51-0584-407D-BCA1-56D00196524F}.Debug|Any CPU.Build.0 = Debug|Any CPU
		{F141FF51-0584-407D-BCA1-56D00196524F}.Release|Any CPU.ActiveCfg = Release|Any CPU
		{F141FF51-0584-407D-BCA1-56D00196524F}.Release|Any CPU.Build.0 = Release|Any CPU
	EndGlobalSection
	GlobalSection(SolutionProperties) = preSolution
		HideSolutionNode = FALSE
	EndGlobalSection
	GlobalSection(NestedProjects) = preSolution
		{03866861-11C3-419F-B398-715590742002} = {2C61E0A4-4CC4-4FFA-854F-F4F4036C3BEF}
		{2C61E0A4-4CC4-4FFA-854F-F4F4036C3BEF} = {B558B775-4FA6-4D3C-9246-EB08302042E6}
		{36F5ADF3-D1FD-4A07-864C-A191B6BA6D49} = {B558B775-4FA6-4D3C-9246-EB08302042E6}
		{B1F74820-E8B5-4295-AE0E-CBD06C38835B} = {B558B775-4FA6-4D3C-9246-EB08302042E6}
		{964E53EF-C71E-4E94-AE4F-8EFFE65523CE} = {B558B775-4FA6-4D3C-9246-EB08302042E6}
		{CB41007F-C137-42EA-AE9F-205E835D0723} = {964E53EF-C71E-4E94-AE4F-8EFFE65523CE}
		{048A6C94-F858-4599-812C-38DFECE5F987} = {36F5ADF3-D1FD-4A07-864C-A191B6BA6D49}
		{F141FF51-0584-407D-BCA1-56D00196524F} = {B1F74820-E8B5-4295-AE0E-CBD06C38835B}
	EndGlobalSection
	GlobalSection(ExtensibilityGlobals) = postSolution
		SolutionGuid = {E1535EDA-7573-49EA-B87A-E2A68342FA2E}
	EndGlobalSection
EndGlobal
